
Microsoft Visual Studio Solution File, Format Version 12.00
# Visual Studio Version 17
VisualStudioVersion = 17.3.32819.101
MinimumVisualStudioVersion = 10.0.40219.1
Project("{9A19103F-16F7-4668-BE54-9A1E7A4F7556}") = "WpfExplorer", "WpfExplorer\WpfExplorer.csproj", "{8384788B-B76E-455C-B19C-8EFF9A420E4F}"
EndProject
Project("{9A19103F-16F7-4668-BE54-9A1E7A4F7556}") = "WpfExplorer.Support", "WpfExplorer.Support\WpfExplorer.Support.csproj", "{062A2008-511B-4908-ACA0-CF17ECB724A8}"
EndProject
Project("{9A19103F-16F7-4668-BE54-9A1E7A4F7556}") = "WpfExplorer.Forms", "WpfExplorer.Forms\WpfExplorer.Forms.csproj", "{80EC019E-9508-41AE-967F-F80A7A206C64}"
EndProject
Project("{FAE04EC0-301F-11D3-BF4B-00C04F79EFBC}") = "WpfExplorer.Main", "WpfExplorer.Main\WpfExplorer.Main.csproj", "{D868F49B-1488-4DDB-8834-C571D1C6C810}"
EndProject
Global
	GlobalSection(SolutionConfigurationPlatforms) = preSolution
		Debug|Any CPU = Debug|Any CPU
		Release|Any CPU = Release|Any CPU
	EndGlobalSection
	GlobalSection(ProjectConfigurationPlatforms) = postSolution
		{8384788B-B76E-455C-B19C-8EFF9A420E4F}.Debug|Any CPU.ActiveCfg = Debug|Any CPU
		{8384788B-B76E-455C-B19C-8EFF9A420E4F}.Debug|Any CPU.Build.0 = Debug|Any CPU
		{8384788B-B76E-455C-B19C-8EFF9A420E4F}.Release|Any CPU.ActiveCfg = Release|Any CPU
		{8384788B-B76E-455C-B19C-8EFF9A420E4F}.Release|Any CPU.Build.0 = Release|Any CPU
		{062A2008-511B-4908-ACA0-CF17ECB724A8}.Debug|Any CPU.ActiveCfg = Debug|Any CPU
		{062A2008-511B-4908-ACA0-CF17ECB724A8}.Debug|Any CPU.Build.0 = Debug|Any CPU
		{062A2008-511B-4908-ACA0-CF17ECB724A8}.Release|Any CPU.ActiveCfg = Release|Any CPU
		{062A2008-511B-4908-ACA0-CF17ECB724A8}.Release|Any CPU.Build.0 = Release|Any CPU
		{80EC019E-9508-41AE-967F-F80A7A206C64}.Debug|Any CPU.ActiveCfg = Debug|Any CPU
		{80EC019E-9508-41AE-967F-F80A7A206C64}.Debug|Any CPU.Build.0 = Debug|Any CPU
		{80EC019E-9508-41AE-967F-F80A7A206C64}.Release|Any CPU.ActiveCfg = Release|Any CPU
		{80EC019E-9508-41AE-967F-F80A7A206C64}.Release|Any CPU.Build.0 = Release|Any CPU
		{D868F49B-1488-4DDB-8834-C571D1C6C810}.Debug|Any CPU.ActiveCfg = Debug|Any CPU
		{D868F49B-1488-4DDB-8834-C571D1C6C810}.Debug|Any CPU.Build.0 = Debug|Any CPU
		{D868F49B-1488-4DDB-8834-C571D1C6C810}.Release|Any CPU.ActiveCfg = Release|Any CPU
		{D868F49B-1488-4DDB-8834-C571D1C6C810}.Release|Any CPU.Build.0 = Release|Any CPU
	EndGlobalSection
	GlobalSection(SolutionProperties) = preSolution
		HideSolutionNode = FALSE
	EndGlobalSection
	GlobalSection(ExtensibilityGlobals) = postSolution
		SolutionGuid = {A2D7FFBC-C25B-4AD3-86C4-0F613E936D40}
	EndGlobalSection
EndGlobal
